Microsoft Visual Studio Solution File, Format Version 12.00
# Visual Studio 14
VisualStudioVersion = 14.0.24720.0
MinimumVisualStudioVersion = 10.0.40219.1
Project("{FAE04EC0-301F-11D3-BF4B-00C04F79EFBC}") = "Path", "Path\Path.csproj", "{14616B24-FFB9-4896-96CB-5DE7B7679D03}"
EndProject
Project("{FAE04EC0-301F-11D3-BF4B-00C04F79EFBC}") = "DataModelUnitTests", "DataModelUnitTests\DataModelUnitTests.csproj", "{674FA657-BF42-44D4-9A97-8498F36106A4}"
EndProject
Project("{FAE04EC0-301F-11D3-BF4B-00C04F79EFBC}") = "DataModels", "DataModels\DataModels.csproj", "{04F7700A-9DD6-4074-8317-F34A31E2DB99}"
EndProject
Project("{FAE04EC0-301F-11D3-BF4B-00C04F79EFBC}") = "PathDataModels", "PathDataModels\PathDataModels.csproj", "{5C2CF991-2DF4-4E30-8ECE-A3C0CDEBB318}"
EndProject
Project("{FAE04EC0-301F-11D3-BF4B-00C04F79EFBC}") = "PathViewModels", "PathViewModels\PathViewModels.csproj", "{ED6738AD-E429-4C71-93F8-E4C17E760FF8}"
EndProject
Global
	GlobalSection(SolutionConfigurationPlatforms) = preSolution
		Ad-Hoc|Any CPU = Ad-Hoc|Any CPU
		Ad-Hoc|iPhone = Ad-Hoc|iPhone
		Ad-Hoc|iPhoneSimulator = Ad-Hoc|iPhoneSimulator
		AppStore|Any CPU = AppStore|Any CPU
		AppStore|iPhone = AppStore|iPhone
		AppStore|iPhoneSimulator = AppStore|iPhoneSimulator
		Debug|Any CPU = Debug|Any CPU
		Debug|iPhone = Debug|iPhone
		Debug|iPhoneSimulator = Debug|iPhoneSimulator
		Release|Any CPU = Release|Any CPU
		Release|iPhone = Release|iPhone
		Release|iPhoneSimulator = Release|iPhoneSimulator
	EndGlobalSection
	GlobalSection(ProjectConfigurationPlatforms) = postSolution
		{14616B24-FFB9-4896-96CB-5DE7B7679D03}.Ad-Hoc|Any CPU.ActiveCfg = Release|Any CPU
		{14616B24-FFB9-4896-96CB-5DE7B7679D03}.Ad-Hoc|Any CPU.Build.0 = Release|Any CPU
		{14616B24-FFB9-4896-96CB-5DE7B7679D03}.Ad-Hoc|Any CPU.Deploy.0 = Release|Any CPU
		{14616B24-FFB9-4896-96CB-5DE7B7679D03}.Ad-Hoc|iPhone.ActiveCfg = Release|Any CPU
		{14616B24-FFB9-4896-96CB-5DE7B7679D03}.Ad-Hoc|iPhone.Build.0 = Release|Any CPU
		{14616B24-FFB9-4896-96CB-5DE7B7679D03}.Ad-Hoc|iPhone.Deploy.0 = Release|Any CPU
		{14616B24-FFB9-4896-96CB-5DE7B7679D03}.Ad-Hoc|iPhoneSimulator.ActiveCfg = Release|Any CPU
		{14616B24-FFB9-4896-96CB-5DE7B7679D03}.Ad-Hoc|iPhoneSimulator.Build.0 = Release|Any CPU
		{14616B24-FFB9-4896-96CB-5DE7B7679D03}.Ad-Hoc|iPhoneSimulator.Deploy.0 = Release|Any CPU
		{14616B24-FFB9-4896-96CB-5DE7B7679D03}.AppStore|Any CPU.ActiveCfg = Release|Any CPU
		{14616B24-FFB9-4896-96CB-5DE7B7679D03}.AppStore|Any CPU.Build.0 = Release|Any CPU
		{14616B24-FFB9-4896-96CB-5DE7B7679D03}.AppStore|Any CPU.Deploy.0 = Release|Any CPU
		{14616B24-FFB9-4896-96CB-5DE7B7679D03}.AppStore|iPhone.ActiveCfg = Release|Any CPU
		{14616B24-FFB9-4896-96CB-5DE7B7679D03}.AppStore|iPhone.Build.0 = Release|Any CPU
		{14616B24-FFB9-4896-96CB-5DE7B7679D03}.AppStore|iPhone.Deploy.0 = Release|Any CPU
		{14616B24-FFB9-4896-96CB-5DE7B7679D03}.AppStore|iPhoneSimulator.ActiveCfg = Release|Any CPU
		{14616B24-FFB9-4896-96CB-5DE7B7679D03}.AppStore|iPhoneSimulator.Build.0 = Release|Any CPU
		{14616B24-FFB9-4896-96CB-5DE7B7679D03}.AppStore|iPhoneSimulator.Deploy.0 = Release|Any CPU
		{14616B24-FFB9-4896-96CB-5DE7B7679D03}.Debug|Any CPU.ActiveCfg = Debug|Any CPU
		{14616B24-FFB9-4896-96CB-5DE7B7679D03}.Debug|Any CPU.Build.0 = Debug|Any CPU
		{14616B24-FFB9-4896-96CB-5DE7B7679D03}.Debug|Any CPU.Deploy.0 = Debug|Any CPU
		{14616B24-FFB9-4896-96CB-5DE7B7679D03}.Debug|iPhone.ActiveCfg = Debug|Any CPU
		{14616B24-FFB9-4896-96CB-5DE7B7679D03}.Debug|iPhone.Build.0 = Debug|Any CPU
		{14616B24-FFB9-4896-96CB-5DE7B7679D03}.Debug|iPhone.Deploy.0 = Debug|Any CPU
		{14616B24-FFB9-4896-96CB-5DE7B7679D03}.Debug|iPhoneSimulator.ActiveCfg = Debug|Any CPU
		{14616B24-FFB9-4896-96CB-5DE7B7679D03}.Debug|iPhoneSimulator.Build.0 = Debug|Any CPU
		{14616B24-FFB9-4896-96CB-5DE7B7679D03}.Debug|iPhoneSimulator.Deploy.0 = Debug|Any CPU
		{14616B24-FFB9-4896-96CB-5DE7B7679D03}.Release|Any CPU.ActiveCfg = Release|Any CPU
		{14616B24-FFB9-4896-96CB-5DE7B7679D03}.Release|Any CPU.Build.0 = Release|Any CPU
		{14616B24-FFB9-4896-96CB-5DE7B7679D03}.Release|iPhone.ActiveCfg = Release|Any CPU
		{14616B24-FFB9-4896-96CB-5DE7B7679D03}.Release|iPhone.Build.0 = Release|Any CPU
		{14616B24-FFB9-4896-96CB-5DE7B7679D03}.Release|iPhone.Deploy.0 = Release|Any CPU
		{14616B24-FFB9-4896-96CB-5DE7B7679D03}.Release|iPhoneSimulator.ActiveCfg = Release|Any CPU
		{14616B24-FFB9-4896-96CB-5DE7B7679D03}.Release|iPhoneSimulator.Build.0 = Release|Any CPU
		{14616B24-FFB9-4896-96CB-5DE7B7679D03}.Release|iPhoneSimulator.Deploy.0 = Release|Any CPU
		{674FA657-BF42-44D4-9A97-8498F36106A4}.Ad-Hoc|Any CPU.ActiveCfg = Release|Any CPU
		{674FA657-BF42-44D4-9A97-8498F36106A4}.Ad-Hoc|Any CPU.Build.0 = Release|Any CPU
		{674FA657-BF42-44D4-9A97-8498F36106A4}.Ad-Hoc|iPhone.ActiveCfg = Release|Any CPU
		{674FA657-BF42-44D4-9A97-8498F36106A4}.Ad-Hoc|iPhone.Build.0 = Release|Any CPU
		{674FA657-BF42-44D4-9A97-8498F36106A4}.Ad-Hoc|iPhoneSimulator.ActiveCfg = Release|Any CPU
		{674FA657-BF42-44D4-9A97-8498F36106A4}.Ad-Hoc|iPhoneSimulator.Build.0 = Release|Any CPU
		{674FA657-BF42-44D4-9A97-8498F36106A4}.AppStore|Any CPU.ActiveCfg = Release|Any CPU
		{674FA657-BF42-44D4-9A97-8498F36106A4}.AppStore|Any CPU.Build.0 = Release|Any CPU
		{674FA657-BF42-44D4-9A97-8498F36106A4}.AppStore|iPhone.ActiveCfg = Release|Any CPU
		{674FA657-BF42-44D4-9A97-8498F36106A4}.AppStore|iPhone.Build.0 = Release|Any CPU
		{674FA657-BF42-44D4-9A97-8498F36106A4}.AppStore|iPhoneSimulator.ActiveCfg = Release|Any CPU
		{674FA657-BF42-44D4-9A97-8498F36106A4}.AppStore|iPhoneSimulator.Build.0 = Release|Any CPU
		{674FA657-BF42-44D4-9A97-8498F36106A4}.Debug|Any CPU.ActiveCfg = Debug|Any CPU
		{674FA657-BF42-44D4-9A97-8498F36106A4}.Debug|Any CPU.Build.0 = Debug|Any CPU
		{674FA657-BF42-44D4-9A97-8498F36106A4}.Debug|iPhone.ActiveCfg = Debug|Any CPU
		{674FA657-BF42-44D4-9A97-8498F36106A4}.Debug|iPhone.Build.0 = Debug|Any CPU
		{674FA657-BF42-44D4-9A97-8498F36106A4}.Debug|iPhoneSimulator.ActiveCfg = Debug|Any CPU
		{674FA657-BF42-44D4-9A97-8498F36106A4}.Debug|iPhoneSimulator.Build.0 = Debug|Any CPU
		{674FA657-BF42-44D4-9A97-8498F36106A4}.Release|Any CPU.ActiveCfg = Release|Any CPU
		{674FA657-BF42-44D4-9A97-8498F36106A4}.Release|Any CPU.Build.0 = Release|Any CPU
		{674FA657-BF42-44D4-9A97-8498F36106A4}.Release|iPhone.ActiveCfg = Release|Any CPU
		{674FA657-BF42-44D4-9A97-8498F36106A4}.Release|iPhone.Build.0 = Release|Any CPU
		{674FA657-BF42-44D4-9A97-8498F36106A4}.Release|iPhoneSimulator.ActiveCfg = Release|Any CPU
		{674FA657-BF42-44D4-9A97-8498F36106A4}.Release|iPhoneSimulator.Build.0 = Release|Any CPU
		{04F7700A-9DD6-4074-8317-F34A31E2DB99}.Ad-Hoc|Any CPU.ActiveCfg = Release|Any CPU
		{04F7700A-9DD6-4074-8317-F34A31E2DB99}.Ad-Hoc|Any CPU.Build.0 = Release|Any CPU
		{04F7700A-9DD6-4074-8317-F34A31E2DB99}.Ad-Hoc|iPhone.ActiveCfg = Release|Any CPU
		{04F7700A-9DD6-4074-8317-F34A31E2DB99}.Ad-Hoc|iPhone.Build.0 = Release|Any CPU
		{04F7700A-9DD6-4074-8317-F34A31E2DB99}.Ad-Hoc|iPhoneSimulator.ActiveCfg = Release|Any CPU
		{04F7700A-9DD6-4074-8317-F34A31E2DB99}.Ad-Hoc|iPhoneSimulator.Build.0 = Release|Any CPU
		{04F7700A-9DD6-4074-8317-F34A31E2DB99}.AppStore|Any CPU.ActiveCfg = Release|Any CPU
		{04F7700A-9DD6-4074-8317-F34A31E2DB99}.AppStore|Any CPU.Build.0 = Release|Any CPU
		{04F7700A-9DD6-4074-8317-F34A31E2DB99}.AppStore|iPhone.ActiveCfg = Release|Any CPU
		{04F7700A-9DD6-4074-8317-F34A31E2DB99}.AppStore|iPhone.Build.0 = Release|Any CPU
		{04F7700A-9DD6-4074-8317-F34A31E2DB99}.AppStore|iPhoneSimulator.ActiveCfg = Release|Any CPU
		{04F7700A-9DD6-4074-8317-F34A31E2DB99}.AppStore|iPhoneSimulator.Build.0 = Release|Any CPU
		{04F7700A-9DD6-4074-8317-F34A31E2DB99}.Debug|Any CPU.ActiveCfg = Debug|Any CPU
		{04F7700A-9DD6-4074-8317-F34A31E2DB99}.Debug|Any CPU.Build.0 = Debug|Any CPU
		{04F7700A-9DD6-4074-8317-F34A31E2DB99}.Debug|iPhone.ActiveCfg = Debug|Any CPU
		{04F7700A-9DD6-4074-8317-F34A31E2DB99}.Debug|iPhone.Build.0 = Debug|Any CPU
		{04F7700A-9DD6-4074-8317-F34A31E2DB99}.Debug|iPhoneSimulator.ActiveCfg = Debug|Any CPU
		{04F7700A-9DD6-4074-8317-F34A31E2DB99}.Debug|iPhoneSimulator.Build.0 = Debug|Any CPU
		{04F7700A-9DD6-4074-8317-F34A31E2DB99}.Release|Any CPU.ActiveCfg = Release|Any CPU
		{04F7700A-9DD6-4074-8317-F34A31E2DB99}.Release|Any CPU.Build.0 = Release|Any CPU
		{04F7700A-9DD6-4074-8317-F34A31E2DB99}.Release|iPhone.ActiveCfg = Release|Any CPU
		{04F7700A-9DD6-4074-8317-F34A31E2DB99}.Release|iPhone.Build.0 = Release|Any CPU
		{04F7700A-9DD6-4074-8317-F34A31E2DB99}.Release|iPhoneSimulator.ActiveCfg = Release|Any CPU
		{04F7700A-9DD6-4074-8317-F34A31E2DB99}.Release|iPhoneSimulator.Build.0 = Release|Any CPU
		{5C2CF991-2DF4-4E30-8ECE-A3C0CDEBB318}.Ad-Hoc|Any CPU.ActiveCfg = Release|Any CPU
		{5C2CF991-2DF4-4E30-8ECE-A3C0CDEBB318}.Ad-Hoc|Any CPU.Build.0 = Release|Any CPU
		{5C2CF991-2DF4-4E30-8ECE-A3C0CDEBB318}.Ad-Hoc|iPhone.ActiveCfg = Release|Any CPU
		{5C2CF991-2DF4-4E30-8ECE-A3C0CDEBB318}.Ad-Hoc|iPhone.Build.0 = Release|Any CPU
		{5C2CF991-2DF4-4E30-8ECE-A3C0CDEBB318}.Ad-Hoc|iPhoneSimulator.ActiveCfg = Release|Any CPU
		{5C2CF991-2DF4-4E30-8ECE-A3C0CDEBB318}.Ad-Hoc|iPhoneSimulator.Build.0 = Release|Any CPU
		{5C2CF991-2DF4-4E30-8ECE-A3C0CDEBB318}.AppStore|Any CPU.ActiveCfg = Release|Any CPU
		{5C2CF991-2DF4-4E30-8ECE-A3C0CDEBB318}.AppStore|Any CPU.Build.0 = Release|Any CPU
		{5C2CF991-2DF4-4E30-8ECE-A3C0CDEBB318}.AppStore|iPhone.ActiveCfg = Release|Any CPU
		{5C2CF991-2DF4-4E30-8ECE-A3C0CDEBB318}.AppStore|iPhone.Build.0 = Release|Any CPU
		{5C2CF991-2DF4-4E30-8ECE-A3C0CDEBB318}.AppStore|iPhoneSimulator.ActiveCfg = Release|Any CPU
		{5C2CF991-2DF4-4E30-8ECE-A3C0CDEBB318}.AppStore|iPhoneSimulator.Build.0 = Release|Any CPU
		{5C2CF991-2DF4-4E30-8ECE-A3C0CDEBB318}.Debug|Any CPU.ActiveCfg = Debug|Any CPU
		{5C2CF991-2DF4-4E30-8ECE-A3C0CDEBB318}.Debug|Any CPU.Build.0 = Debug|Any CPU
		{5C2CF991-2DF4-4E30-8ECE-A3C0CDEBB318}.Debug|iPhone.ActiveCfg = Debug|Any CPU
		{5C2CF991-2DF4-4E30-8ECE-A3C0CDEBB318}.Debug|iPhone.Build.0 = Debug|Any CPU
		{5C2CF991-2DF4-4E30-8ECE-A3C0CDEBB318}.Debug|iPhoneSimulator.ActiveCfg = Debug|Any CPU
		{5C2CF991-2DF4-4E30-8ECE-A3C0CDEBB318}.Debug|iPhoneSimulator.Build.0 = Debug|Any CPU
		{5C2CF991-2DF4-4E30-8ECE-A3C0CDEBB318}.Release|Any CPU.ActiveCfg = Release|Any CPU
		{5C2CF991-2DF4-4E30-8ECE-A3C0CDEBB318}.Release|Any CPU.Build.0 = Release|Any CPU
		{5C2CF991-2DF4-4E30-8ECE-A3C0CDEBB318}.Release|iPhone.ActiveCfg = Release|Any CPU
		{5C2CF991-2DF4-4E30-8ECE-A3C0CDEBB318}.Release|iPhone.Build.0 = Release|Any CPU
		{5C2CF991-2DF4-4E30-8ECE-A3C0CDEBB318}.Release|iPhoneSimulator.ActiveCfg = Release|Any CPU
		{5C2CF991-2DF4-4E30-8ECE-A3C0CDEBB318}.Release|iPhoneSimulator.Build.0 = Release|Any CPU
		{ED6738AD-E429-4C71-93F8-E4C17E760FF8}.Ad-Hoc|Any CPU.ActiveCfg = Release|Any CPU
		{ED6738AD-E429-4C71-93F8-E4C17E760FF8}.Ad-Hoc|Any CPU.Build.0 = Release|Any CPU
		{ED6738AD-E429-4C71-93F8-E4C17E760FF8}.Ad-Hoc|iPhone.ActiveCfg = Release|Any CPU
		{ED6738AD-E429-4C71-93F8-E4C17E760FF8}.Ad-Hoc|iPhone.Build.0 = Release|Any CPU
		{ED6738AD-E429-4C71-93F8-E4C17E760FF8}.Ad-Hoc|iPhoneSimulator.ActiveCfg = Release|Any CPU
		{ED6738AD-E429-4C71-93F8-E4C17E760FF8}.Ad-Hoc|iPhoneSimulator.Build.0 = Release|Any CPU
		{ED6738AD-E429-4C71-93F8-E4C17E760FF8}.AppStore|Any CPU.ActiveCfg = Release|Any CPU
		{ED6738AD-E429-4C71-93F8-E4C17E760FF8}.AppStore|Any CPU.Build.0 = Release|Any CPU
		{ED6738AD-E429-4C71-93F8-E4C17E760FF8}.AppStore|iPhone.ActiveCfg = Release|Any CPU
		{ED6738AD-E429-4C71-93F8-E4C17E760FF8}.AppStore|iPhone.Build.0 = Release|Any CPU
		{ED6738AD-E429-4C71-93F8-E4C17E760FF8}.AppStore|iPhoneSimulator.ActiveCfg = Release|Any CPU
		{ED6738AD-E429-4C71-93F8-E4C17E760FF8}.AppStore|iPhoneSimulator.Build.0 = Release|Any CPU
		{ED6738AD-E429-4C71-93F8-E4C17E760FF8}.Debug|Any CPU.ActiveCfg = Debug|Any CPU
		{ED6738AD-E429-4C71-93F8-E4C17E760FF8}.Debug|Any CPU.Build.0 = Debug|Any CPU
		{ED6738AD-E429-4C71-93F8-E4C17E760FF8}.Debug|iPhone.ActiveCfg = Debug|Any CPU
		{ED6738AD-E429-4C71-93F8-E4C17E760FF8}.Debug|iPhone.Build.0 = Debug|Any CPU
		{ED6738AD-E429-4C71-93F8-E4C17E760FF8}.Debug|iPhoneSimulator.ActiveCfg = Debug|Any CPU
		{ED6738AD-E429-4C71-93F8-E4C17E760FF8}.Debug|iPhoneSimulator.Build.0 = Debug|Any CPU
		{ED6738AD-E429-4C71-93F8-E4C17E760FF8}.Release|Any CPU.ActiveCfg = Release|Any CPU
		{ED6738AD-E429-4C71-93F8-E4C17E760FF8}.Release|Any CPU.Build.0 = Release|Any CPU
		{ED6738AD-E429-4C71-93F8-E4C17E760FF8}.Release|iPhone.ActiveCfg = Release|Any CPU
		{ED6738AD-E429-4C71-93F8-E4C17E760FF8}.Release|iPhone.Build.0 = Release|Any CPU
		{ED6738AD-E429-4C71-93F8-E4C17E760FF8}.Release|iPhoneSimulator.ActiveCfg = Release|Any CPU
		{ED6738AD-E429-4C71-93F8-E4C17E760FF8}.Release|iPhoneSimulator.Build.0 = Release|Any CPU
	EndGlobalSection
	GlobalSection(SolutionProperties) = preSolution
		HideSolutionNode = FALSE
	EndGlobalSection
EndGlobal
